
Microsoft Visual Studio Solution File, Format Version 12.00
# Visual Studio Version 16
VisualStudioVersion = 16.0.30204.135
MinimumVisualStudioVersion = 10.0.40219.1
Project("{FAE04EC0-301F-11D3-BF4B-00C04F79EFBC}") = "devops", "devops\devops.csproj", "{DCE51EB6-9F4D-4232-ADA3-B98726974748}"
EndProject
Global
	GlobalSection(SolutionConfigurationPlatforms) = preSolution
		Debug|Any CPU = Debug|Any CPU
		Release|Any CPU = Release|Any CPU
	EndGlobalSection
	GlobalSection(ProjectConfigurationPlatforms) = postSolution
		{DCE51EB6-9F4D-4232-ADA3-B98726974748}.Debug|Any CPU.ActiveCfg = Debug|Any CPU
		{DCE51EB6-9F4D-4232-ADA3-B98726974748}.Debug|Any CPU.Build.0 = Debug|Any CPU
		{DCE51EB6-9F4D-4232-ADA3-B98726974748}.Release|Any CPU.ActiveCfg = Release|Any CPU
		{DCE51EB6-9F4D-4232-ADA3-B98726974748}.Release|Any CPU.Build.0 = Release|Any CPU
	EndGlobalSection
	GlobalSection(SolutionProperties) = preSolution
		HideSolutionNode = FALSE
	EndGlobalSection
	GlobalSection(ExtensibilityGlobals) = postSolution
		SolutionGuid = {82689AC9-7ED7-490F-BF3A-D515B39D6A19}
	EndGlobalSection
EndGlobal
